<?xml version="1.0" encoding="utf-8"?>
<Project ToolsVersion="4.0" xmlns="http://schemas.microsoft.com/developer/msbuild/2003">
  <ItemGroup>
    <Filter Include="Файлы исходного кода">
      <UniqueIdentifier>{4FC737F1-C7A5-4376-A066-2A32D752A2FF}</UniqueIdentifier>
      <Extensions>cpp;c;cc;cxx;def;odl;idl;hpj;bat;asm;asmx</Extensions>
    </Filter>
    <Filter Include="Заголовочные файлы">
      <UniqueIdentifier>{93995380-89BD-4b04-88EB-625FBE52EBFB}</UniqueIdentifier>
      <Extensions>h;hh;hpp;hxx;hm;inl;inc;xsd</Extensions>
    </Filter>
    <Filter Include="Файлы ресурсов">
      <UniqueIdentifier>{67DA6AB6-F800-4c08-8B7A-83BB121AAD01}</UniqueIdentifier>
      <Extensions>rc;ico;cur;bmp;dlg;rc2;rct;bin;rgs;gif;jpg;jpeg;jpe;resx;tiff;tif;png;wav;mfcribbon-ms</Extensions>
    </Filter>
    <Filter Include="Заголовочные файлы\Document">
      <UniqueIdentifier>{de2d8135-75b7-4384-a755-51d988edecd8}</UniqueIdentifier>
    </Filter>
    <Filter Include="Заголовочные файлы\SCAD">
      <UniqueIdentifier>{14a3fc86-9347-4084-9f50-dc4df7da8944}</UniqueIdentifier>
    </Filter>
    <Filter Include="Заголовочные файлы\Document\Node">
      <UniqueIdentifier>{c25f69ae-005b-4c33-8983-8087c7f8e190}</UniqueIdentifier>
    </Filter>
    <Filter Include="Заголовочные файлы\Document\File">
      <UniqueIdentifier>{2e43bd89-8aab-44be-8fd9-57991bb2cbd8}</UniqueIdentifier>
    </Filter>
    <Filter Include="Файлы исходного кода\Document">
      <UniqueIdentifier>{42c68211-3db2-41cc-ac92-e9e0c4e7fe6b}</UniqueIdentifier>
    </Filter>
    <Filter Include="Файлы исходного кода\Document\File">
      <UniqueIdentifier>{3e40e34e-bcdf-4a6c-83e2-82d18dd17d78}</UniqueIdentifier>
    </Filter>
    <Filter Include="Файлы исходного кода\Document\Node">
      <UniqueIdentifier>{63796d33-b515-4fbf-bdbd-96efe6de3c46}</UniqueIdentifier>
    </Filter>
    <Filter Include="Заголовочные файлы\FileChecker">
      <UniqueIdentifier>{bffc5042-b208-45fc-a3fa-ff12f160dc07}</UniqueIdentifier>
    </Filter>
    <Filter Include="Файлы исходного кода\FileChecker">
      <UniqueIdentifier>{16900788-c59f-4fa6-9765-54f97ca0af51}</UniqueIdentifier>
    </Filter>
    <Filter Include="Заголовочные файлы\Instance">
      <UniqueIdentifier>{db9cd4bf-4db5-4ed3-8cea-ff5258af02ff}</UniqueIdentifier>
    </Filter>
    <Filter Include="Файлы исходного кода\Model">
      <UniqueIdentifier>{01afabfa-08f9-4dbb-9f39-4af717208bb2}</UniqueIdentifier>
    </Filter>
    <Filter Include="Заголовочные файлы\Model">
      <UniqueIdentifier>{c672c8b7-1e2c-4ba8-9ce2-1beb451e7c57}</UniqueIdentifier>
    </Filter>
    <Filter Include="Файлы исходного кода\Instance">
      <UniqueIdentifier>{c4303876-4b22-43a4-b21d-22fc4f7112b5}</UniqueIdentifier>
    </Filter>
  </ItemGroup>
  <ItemGroup>
    <Text Include="ReadMe.txt" />
  </ItemGroup>
  <ItemGroup>
    <ClInclude Include="stdafx.h">
      <Filter>Заголовочные файлы</Filter>
    </ClInclude>
    <ClInclude Include="targetver.h">
      <Filter>Заголовочные файлы</Filter>
    </ClInclude>
    <ClInclude Include="SCAD_Constructor.h">
      <Filter>Заголовочные файлы</Filter>
    </ClInclude>
    <ClInclude Include="Classes\Document\DocumentReader.h">
      <Filter>Заголовочные файлы\Document</Filter>
    </ClInclude>
    <ClInclude Include="Classes\Document\DocumentReaderFactory.h">
      <Filter>Заголовочные файлы\Document</Filter>
    </ClInclude>
    <ClInclude Include="API\Include\ScadApiResult.hxx">
      <Filter>Заголовочные файлы\SCAD</Filter>
    </ClInclude>
    <ClInclude Include="API\Include\ScadApiSchema.hxx">
      <Filter>Заголовочные файлы\SCAD</Filter>
    </ClInclude>
    <ClInclude Include="API\Include\SCADAPIX.hxx">
      <Filter>Заголовочные файлы\SCAD</Filter>
    </ClInclude>
    <ClInclude Include="API\Include\ScadStructHelpAPI.hxx">
      <Filter>Заголовочные файлы\SCAD</Filter>
    </ClInclude>
    <ClInclude Include="Classes\Document\Node\Document_10_Version_1_Reader.h">
      <Filter>Заголовочные файлы\Document\Node</Filter>
    </ClInclude>
    <ClInclude Include="Classes\Document\File\File_Version_1_Reader.h">
      <Filter>Заголовочные файлы\Document\File</Filter>
    </ClInclude>
    <ClInclude Include="Header.h">
      <Filter>Заголовочные файлы</Filter>
    </ClInclude>
    <ClInclude Include="Classes\FileChecker\FileFormatChecker.h">
      <Filter>Заголовочные файлы\FileChecker</Filter>
    </ClInclude>
    <ClInclude Include="Classes\Instance\Node.h">
      <Filter>Заголовочные файлы\Instance</Filter>
    </ClInclude>
    <ClInclude Include="Classes\Instance\Instance.h">
      <Filter>Заголовочные файлы\Instance</Filter>
    </ClInclude>
    <ClInclude Include="Classes\Model\Model.h">
      <Filter>Заголовочные файлы\Model</Filter>
    </ClInclude>
  </ItemGroup>
  <ItemGroup>
    <ClCompile Include="stdafx.cpp">
      <Filter>Файлы исходного кода</Filter>
    </ClCompile>
    <ClCompile Include="SCAD_Constructor.cpp">
      <Filter>Файлы исходного кода</Filter>
    </ClCompile>
    <ClCompile Include="Classes\Document\DocumentReaderFactory.cpp">
      <Filter>Файлы исходного кода\Document</Filter>
    </ClCompile>
    <ClCompile Include="Classes\Document\File\File_Version_1_Reader.cpp">
      <Filter>Файлы исходного кода\Document\File</Filter>
    </ClCompile>
    <ClCompile Include="Classes\Document\Node\Document_10_Version_1_Reader.cpp">
      <Filter>Файлы исходного кода\Document\Node</Filter>
    </ClCompile>
    <ClCompile Include="Classes\FileChecker\FileFormatChecker.cpp">
      <Filter>Файлы исходного кода\FileChecker</Filter>
    </ClCompile>
    <ClCompile Include="DocumentReader.cpp">
      <Filter>Файлы исходного кода\Document</Filter>
    </ClCompile>
    <ClCompile Include="Classes\Model\Model.cpp">
      <Filter>Файлы исходного кода\Model</Filter>
    </ClCompile>
    <ClCompile Include="Classes\Instance\Node.cpp">
      <Filter>Файлы исходного кода\Instance</Filter>
    </ClCompile>
  </ItemGroup>
  <ItemGroup>
    <ResourceCompile Include="SCAD_Constructor.rc">
      <Filter>Файлы ресурсов</Filter>
    </ResourceCompile>
  </ItemGroup>
</Project>